
Microsoft Visual Studio Solution File, Format Version 12.00
# Visual Studio Version 17
VisualStudioVersion = 17.9.34622.214
MinimumVisualStudioVersion = 10.0.40219.1
Project("{9A19103F-16F7-4668-BE54-9A1E7A4F7556}") = "Bomberman", "Bomberman\Bomberman.csproj", "{1B269323-482B-48A3-AABD-0B92A8300EF7}"
EndProject
Project("{9A19103F-16F7-4668-BE54-9A1E7A4F7556}") = "Bomberman.WPF", "Bomberman.WPF\Bomberman.WPF.csproj", "{204ED5CA-045D-4DD8-8135-C24AE6DB4D45}"
	ProjectSection(ProjectDependencies) = postProject
		{1B269323-482B-48A3-AABD-0B92A8300EF7} = {1B269323-482B-48A3-AABD-0B92A8300EF7}
	EndProjectSection
EndProject
Project("{9A19103F-16F7-4668-BE54-9A1E7A4F7556}") = "GenerateMaps", "GenerateMaps\GenerateMaps.csproj", "{29D8BB3F-5E99-4F2D-A97C-E1CA37EEC631}"
	ProjectSection(ProjectDependencies) = postProject
		{1B269323-482B-48A3-AABD-0B92A8300EF7} = {1B269323-482B-48A3-AABD-0B92A8300EF7}
	EndProjectSection
EndProject
Project("{FAE04EC0-301F-11D3-BF4B-00C04F79EFBC}") = "Bomberman.Test", "Bomberman.Test\Bomberman.Test.csproj", "{B7ABEBA3-28C6-4F23-9880-311226C1DE0E}"
EndProject
Global
	GlobalSection(SolutionConfigurationPlatforms) = preSolution
		Debug|Any CPU = Debug|Any CPU
		Release|Any CPU = Release|Any CPU
	EndGlobalSection
	GlobalSection(ProjectConfigurationPlatforms) = postSolution
		{1B269323-482B-48A3-AABD-0B92A8300EF7}.Debug|Any CPU.ActiveCfg = Debug|Any CPU
		{1B269323-482B-48A3-AABD-0B92A8300EF7}.Debug|Any CPU.Build.0 = Debug|Any CPU
		{1B269323-482B-48A3-AABD-0B92A8300EF7}.Release|Any CPU.ActiveCfg = Release|Any CPU
		{1B269323-482B-48A3-AABD-0B92A8300EF7}.Release|Any CPU.Build.0 = Release|Any CPU
		{204ED5CA-045D-4DD8-8135-C24AE6DB4D45}.Debug|Any CPU.ActiveCfg = Debug|Any CPU
		{204ED5CA-045D-4DD8-8135-C24AE6DB4D45}.Debug|Any CPU.Build.0 = Debug|Any CPU
		{204ED5CA-045D-4DD8-8135-C24AE6DB4D45}.Release|Any CPU.ActiveCfg = Release|Any CPU
		{204ED5CA-045D-4DD8-8135-C24AE6DB4D45}.Release|Any CPU.Build.0 = Release|Any CPU
		{29D8BB3F-5E99-4F2D-A97C-E1CA37EEC631}.Debug|Any CPU.ActiveCfg = Debug|Any CPU
		{29D8BB3F-5E99-4F2D-A97C-E1CA37EEC631}.Debug|Any CPU.Build.0 = Debug|Any CPU
		{29D8BB3F-5E99-4F2D-A97C-E1CA37EEC631}.Release|Any CPU.ActiveCfg = Release|Any CPU
		{29D8BB3F-5E99-4F2D-A97C-E1CA37EEC631}.Release|Any CPU.Build.0 = Release|Any CPU
		{B7ABEBA3-28C6-4F23-9880-311226C1DE0E}.Debug|Any CPU.ActiveCfg = Debug|Any CPU
		{B7ABEBA3-28C6-4F23-9880-311226C1DE0E}.Debug|Any CPU.Build.0 = Debug|Any CPU
		{B7ABEBA3-28C6-4F23-9880-311226C1DE0E}.Release|Any CPU.ActiveCfg = Release|Any CPU
		{B7ABEBA3-28C6-4F23-9880-311226C1DE0E}.Release|Any CPU.Build.0 = Release|Any CPU
	EndGlobalSection
	GlobalSection(SolutionProperties) = preSolution
		HideSolutionNode = FALSE
	EndGlobalSection
	GlobalSection(ExtensibilityGlobals) = postSolution
		SolutionGuid = {A87E464A-F147-4660-8E90-8B0CFA7B76AB}
	EndGlobalSection
EndGlobal
